// !$*UTF8*$!
{
	archiveVersion = 1;
	classes = {
	};
	objectVersion = 56;
	objects = {

/* Begin PBXBuildFile section */
		7273C46EF10D3266ADA56F6D /* Pods_test.framework in Frameworks */ = {isa = PBXBuildFile; fileRef = 9460F0B3BB91EC4F81BB1F61 /* Pods_test.framework */; };
		84039FEC2C146DB300EE6BBF /* GoogleService-Info.plist in Resources */ = {isa = PBXBuildFile; fileRef = 84039FEB2C146DB300EE6BBF /* GoogleService-Info.plist */; };
		847481D52C1477520076F4D5 /* FirebaseAnalytics in Frameworks */ = {isa = PBXBuildFile; productRef = 847481D42C1477520076F4D5 /* FirebaseAnalytics */; };
		847481D72C1477520076F4D5 /* FirebaseAuth in Frameworks */ = {isa = PBXBuildFile; productRef = 847481D62C1477520076F4D5 /* FirebaseAuth */; };
		847481D92C1477520076F4D5 /* FirebaseDatabase in Frameworks */ = {isa = PBXBuildFile; productRef = 847481D82C1477520076F4D5 /* FirebaseDatabase */; };
		847481DB2C1477520076F4D5 /* FirebaseDatabaseSwift in Frameworks */ = {isa = PBXBuildFile; productRef = 847481DA2C1477520076F4D5 /* FirebaseDatabaseSwift */; };
		847481DD2C1477520076F4D5 /* FirebaseFirestore in Frameworks */ = {isa = PBXBuildFile; productRef = 847481DC2C1477520076F4D5 /* FirebaseFirestore */; };
		847481DF2C1477520076F4D5 /* FirebaseStorage in Frameworks */ = {isa = PBXBuildFile; productRef = 847481DE2C1477520076F4D5 /* FirebaseStorage */; };
		847481E12C147B760076F4D5 /* RegisterViewController.swift in Sources */ = {isa = PBXBuildFile; fileRef = 847481E02C147B760076F4D5 /* RegisterViewController.swift */; };
		847481E32C147F970076F4D5 /* HomeViewController.swift in Sources */ = {isa = PBXBuildFile; fileRef = 847481E22C147F970076F4D5 /* HomeViewController.swift */; };
		847481E52C14AFEC0076F4D5 /* PersonViewController.swift in Sources */ = {isa = PBXBuildFile; fileRef = 847481E42C14AFEC0076F4D5 /* PersonViewController.swift */; };
		847481E92C14F8670076F4D5 /* Task.swift in Sources */ = {isa = PBXBuildFile; fileRef = 847481E82C14F8670076F4D5 /* Task.swift */; };
		847481EB2C1534EF0076F4D5 /* TaskDetailViewController.swift in Sources */ = {isa = PBXBuildFile; fileRef = 847481EA2C1534EF0076F4D5 /* TaskDetailViewController.swift */; };
		847481ED2C15382E0076F4D5 /* Comment.swift in Sources */ = {isa = PBXBuildFile; fileRef = 847481EC2C15382E0076F4D5 /* Comment.swift */; };
		847481EF2C156BD20076F4D5 /* EditTaskViewController.swift in Sources */ = {isa = PBXBuildFile; fileRef = 847481EE2C156BD20076F4D5 /* EditTaskViewController.swift */; };
		847D675F2C145F3C00AA7795 /* AppDelegate.swift in Sources */ = {isa = PBXBuildFile; fileRef = 847D675E2C145F3C00AA7795 /* AppDelegate.swift */; };
		847D67612C145F3C00AA7795 /* SceneDelegate.swift in Sources */ = {isa = PBXBuildFile; fileRef = 847D67602C145F3C00AA7795 /* SceneDelegate.swift */; };
		847D67632C145F3C00AA7795 /* LoginViewController.swift in Sources */ = {isa = PBXBuildFile; fileRef = 847D67622C145F3C00AA7795 /* LoginViewController.swift */; };
		847D67662C145F3C00AA7795 /* Main.storyboard in Resources */ = {isa = PBXBuildFile; fileRef = 847D67642C145F3C00AA7795 /* Main.storyboard */; };
		847D67692C145F3C00AA7795 /* test.xcdatamodeld in Sources */ = {isa = PBXBuildFile; fileRef = 847D67672C145F3C00AA7795 /* test.xcdatamodeld */; };
		847D676B2C145F4000AA7795 /* Assets.xcassets in Resources */ = {isa = PBXBuildFile; fileRef = 847D676A2C145F4000AA7795 /* Assets.xcassets */; };
		847D676E2C145F4000AA7795 /* LaunchScreen.storyboard in Resources */ = {isa = PBXBuildFile; fileRef = 847D676C2C145F4000AA7795 /* LaunchScreen.storyboard */; };
		849675FA2C160F870010CFF5 /* HomeTableViewCell.swift in Sources */ = {isa = PBXBuildFile; fileRef = 849675F92C160F870010CFF5 /* HomeTableViewCell.swift */; };
		849675FC2C164A6C0010CFF5 /* AddNotificationViewController.swift in Sources */ = {isa = PBXBuildFile; fileRef = 849675FB2C164A6C0010CFF5 /* AddNotificationViewController.swift */; };
		849675FE2C16C20F0010CFF5 /* HistoryViewController.swift in Sources */ = {isa = PBXBuildFile; fileRef = 849675FD2C16C20F0010CFF5 /* HistoryViewController.swift */; };
		849676002C16D0A20010CFF5 /* HistoryEntry.swift in Sources */ = {isa = PBXBuildFile; fileRef = 849675FF2C16D0A20010CFF5 /* HistoryEntry.swift */; };
		849676022C173AD20010CFF5 /* UsersViewController.swift in Sources */ = {isa = PBXBuildFile; fileRef = 849676012C173AD20010CFF5 /* UsersViewController.swift */; };
/* End PBXBuildFile section */

/* Begin PBXFileReference section */
		84039FEB2C146DB300EE6BBF /* GoogleService-Info.plist */ = {isa = PBXFileReference; fileEncoding = 4; lastKnownFileType = text.plist.xml; path = "GoogleService-Info.plist"; sourceTree = "<group>"; };
		847481E02C147B760076F4D5 /* RegisterViewController.swift */ = {isa = PBXFileReference; lastKnownFileType = sourcecode.swift; path = RegisterViewController.swift; sourceTree = "<group>"; };
		847481E22C147F970076F4D5 /* HomeViewController.swift */ = {isa = PBXFileReference; lastKnownFileType = sourcecode.swift; path = HomeViewController.swift; sourceTree = "<group>"; };
		847481E42C14AFEC0076F4D5 /* PersonViewController.swift */ = {isa = PBXFileReference; lastKnownFileType = sourcecode.swift; path = PersonViewController.swift; sourceTree = "<group>"; };
		847481E82C14F8670076F4D5 /* Task.swift */ = {isa = PBXFileReference; lastKnownFileType = sourcecode.swift; path = Task.swift; sourceTree = "<group>"; };
		847481EA2C1534EF0076F4D5 /* TaskDetailViewController.swift */ = {isa = PBXFileReference; lastKnownFileType = sourcecode.swift; path = TaskDetailViewController.swift; sourceTree = "<group>"; };
		847481EC2C15382E0076F4D5 /* Comment.swift */ = {isa = PBXFileReference; lastKnownFileType = sourcecode.swift; path = Comment.swift; sourceTree = "<group>"; };
		847481EE2C156BD20076F4D5 /* EditTaskViewController.swift */ = {isa = PBXFileReference; lastKnownFileType = sourcecode.swift; path = EditTaskViewController.swift; sourceTree = "<group>"; };
		847D675B2C145F3C00AA7795 /* test.app */ = {isa = PBXFileReference; explicitFileType = wrapper.application; includeInIndex = 0; path = test.app; sourceTree = BUILT_PRODUCTS_DIR; };
		847D675E2C145F3C00AA7795 /* AppDelegate.swift */ = {isa = PBXFileReference; lastKnownFileType = sourcecode.swift; path = AppDelegate.swift; sourceTree = "<group>"; };
		847D67602C145F3C00AA7795 /* SceneDelegate.swift */ = {isa = PBXFileReference; lastKnownFileType = sourcecode.swift; path = SceneDelegate.swift; sourceTree = "<group>"; };
		847D67622C145F3C00AA7795 /* LoginViewController.swift */ = {isa = PBXFileReference; lastKnownFileType = sourcecode.swift; path = LoginViewController.swift; sourceTree = "<group>"; };
		847D67652C145F3C00AA7795 /* Base */ = {isa = PBXFileReference; lastKnownFileType = file.storyboard; name = Base; path = Base.lproj/Main.storyboard; sourceTree = "<group>"; };
		847D67682C145F3C00AA7795 /* test.xcdatamodel */ = {isa = PBXFileReference; lastKnownFileType = wrapper.xcdatamodel; path = test.xcdatamodel; sourceTree = "<group>"; };
		847D676A2C145F4000AA7795 /* Assets.xcassets */ = {isa = PBXFileReference; lastKnownFileType = folder.assetcatalog; path = Assets.xcassets; sourceTree = "<group>"; };
		847D676D2C145F4000AA7795 /* Base */ = {isa = PBXFileReference; lastKnownFileType = file.storyboard; name = Base; path = Base.lproj/LaunchScreen.storyboard; sourceTree = "<group>"; };
		847D676F2C145F4000AA7795 /* Info.plist */ = {isa = PBXFileReference; lastKnownFileType = text.plist.xml; path = Info.plist; sourceTree = "<group>"; };
		849675F92C160F870010CFF5 /* HomeTableViewCell.swift */ = {isa = PBXFileReference; lastKnownFileType = sourcecode.swift; path = HomeTableViewCell.swift; sourceTree = "<group>"; };
		849675FB2C164A6C0010CFF5 /* AddNotificationViewController.swift */ = {isa = PBXFileReference; lastKnownFileType = sourcecode.swift; path = AddNotificationViewController.swift; sourceTree = "<group>"; };
		849675FD2C16C20F0010CFF5 /* HistoryViewController.swift */ = {isa = PBXFileReference; lastKnownFileType = sourcecode.swift; path = HistoryViewController.swift; sourceTree = "<group>"; };
		849675FF2C16D0A20010CFF5 /* HistoryEntry.swift */ = {isa = PBXFileReference; lastKnownFileType = sourcecode.swift; path = HistoryEntry.swift; sourceTree = "<group>"; };
		849676012C173AD20010CFF5 /* UsersViewController.swift */ = {isa = PBXFileReference; lastKnownFileType = sourcecode.swift; path = UsersViewController.swift; sourceTree = "<group>"; };
		9460F0B3BB91EC4F81BB1F61 /* Pods_test.framework */ = {isa = PBXFileReference; explicitFileType = wrapper.framework; includeInIndex = 0; path = Pods_test.framework; sourceTree = BUILT_PRODUCTS_DIR; };
		9FA3F28AFC613205510C2EEC /* Pods-test.debug.xcconfig */ = {isa = PBXFileReference; includeInIndex = 1; lastKnownFileType = text.xcconfig; name = "Pods-test.debug.xcconfig"; path = "Target Support Files/Pods-test/Pods-test.debug.xcconfig"; sourceTree = "<group>"; };
		FEE783E0B87B8FFE150546BF /* Pods-test.release.xcconfig */ = {isa = PBXFileReference; includeInIndex = 1; lastKnownFileType = text.xcconfig; name = "Pods-test.release.xcconfig"; path = "Target Support Files/Pods-test/Pods-test.release.xcconfig"; sourceTree = "<group>"; };
/* End PBXFileReference section */

/* Begin PBXFrameworksBuildPhase section */
		847D67582C145F3C00AA7795 /* Frameworks */ = {
			isa = PBXFrameworksBuildPhase;
			buildActionMask = 2147483647;
			files = (
				847481DB2C1477520076F4D5 /* FirebaseDatabaseSwift in Frameworks */,
				847481D52C1477520076F4D5 /* FirebaseAnalytics in Frameworks */,
				847481D72C1477520076F4D5 /* FirebaseAuth in Frameworks */,
				847481D92C1477520076F4D5 /* FirebaseDatabase in Frameworks */,
				847481DF2C1477520076F4D5 /* FirebaseStorage in Frameworks */,
				7273C46EF10D3266ADA56F6D /* Pods_test.framework in Frameworks */,
				847481DD2C1477520076F4D5 /* FirebaseFirestore in Frameworks */,
			);
			runOnlyForDeploymentPostprocessing = 0;
		};
/* End PBXFrameworksBuildPhase section */

/* Begin PBXGroup section */
		33FD981166EC45E033BE345E /* Frameworks */ = {
			isa = PBXGroup;
			children = (
				9460F0B3BB91EC4F81BB1F61 /* Pods_test.framework */,
			);
			name = Frameworks;
			sourceTree = "<group>";
		};
		847D67522C145F3C00AA7795 = {
			isa = PBXGroup;
			children = (
				847D675D2C145F3C00AA7795 /* test */,
				847D675C2C145F3C00AA7795 /* Products */,
				F020A0315752BBDAC48BBD43 /* Pods */,
				33FD981166EC45E033BE345E /* Frameworks */,
			);
			sourceTree = "<group>";
		};
		847D675C2C145F3C00AA7795 /* Products */ = {
			isa = PBXGroup;
			children = (
				847D675B2C145F3C00AA7795 /* test.app */,
			);
			name = Products;
			sourceTree = "<group>";
		};
		847D675D2C145F3C00AA7795 /* test */ = {
			isa = PBXGroup;
			children = (
				8496760C2C173D5C0010CFF5 /* TaskDetailView */,
				8496760B2C173D2F0010CFF5 /* EditTaskView */,
				8496760A2C173D170010CFF5 /* Notification */,
				849676092C173CED0010CFF5 /* UsersView */,
				849676082C173CC30010CFF5 /* HistoryView */,
				849676072C173CA70010CFF5 /* PersonView */,
				849676062C173C6B0010CFF5 /* Comment */,
				849676052C173C080010CFF5 /* Authentication */,
				849676042C173B830010CFF5 /* HomeView */,
				849676032C173B290010CFF5 /* Task  */,
				84039FEB2C146DB300EE6BBF /* GoogleService-Info.plist */,
				847D675E2C145F3C00AA7795 /* AppDelegate.swift */,
				847D67602C145F3C00AA7795 /* SceneDelegate.swift */,
				847D67642C145F3C00AA7795 /* Main.storyboard */,
				847D676A2C145F4000AA7795 /* Assets.xcassets */,
				847D676C2C145F4000AA7795 /* LaunchScreen.storyboard */,
				847D676F2C145F4000AA7795 /* Info.plist */,
				847D67672C145F3C00AA7795 /* test.xcdatamodeld */,
			);
			path = test;
			sourceTree = "<group>";
		};
		849676032C173B290010CFF5 /* Task  */ = {
			isa = PBXGroup;
			children = (
				847481E82C14F8670076F4D5 /* Task.swift */,
			);
			path = "Task ";
			sourceTree = "<group>";
		};
		849676042C173B830010CFF5 /* HomeView */ = {
			isa = PBXGroup;
			children = (
				849675F92C160F870010CFF5 /* HomeTableViewCell.swift */,
				847481E22C147F970076F4D5 /* HomeViewController.swift */,
			);
			path = HomeView;
			sourceTree = "<group>";
		};
		849676052C173C080010CFF5 /* Authentication */ = {
			isa = PBXGroup;
			children = (
				847D67622C145F3C00AA7795 /* LoginViewController.swift */,
				847481E02C147B760076F4D5 /* RegisterViewController.swift */,
			);
			path = Authentication;
			sourceTree = "<group>";
		};
		849676062C173C6B0010CFF5 /* Comment */ = {
			isa = PBXGroup;
			children = (
				847481EC2C15382E0076F4D5 /* Comment.swift */,
			);
			path = Comment;
			sourceTree = "<group>";
		};
		849676072C173CA70010CFF5 /* PersonView */ = {
			isa = PBXGroup;
			children = (
				847481E42C14AFEC0076F4D5 /* PersonViewController.swift */,
			);
			path = PersonView;
			sourceTree = "<group>";
		};
		849676082C173CC30010CFF5 /* HistoryView */ = {
			isa = PBXGroup;
			children = (
				849675FD2C16C20F0010CFF5 /* HistoryViewController.swift */,
				849675FF2C16D0A20010CFF5 /* HistoryEntry.swift */,
			);
			path = HistoryView;
			sourceTree = "<group>";
		};
		849676092C173CED0010CFF5 /* UsersView */ = {
			isa = PBXGroup;
			children = (
				849676012C173AD20010CFF5 /* UsersViewController.swift */,
			);
			path = UsersView;
			sourceTree = "<group>";
		};
		8496760A2C173D170010CFF5 /* Notification */ = {
			isa = PBXGroup;
			children = (
				849675FB2C164A6C0010CFF5 /* AddNotificationViewController.swift */,
			);
			path = Notification;
			sourceTree = "<group>";
		};
		8496760B2C173D2F0010CFF5 /* EditTaskView */ = {
			isa = PBXGroup;
			children = (
				847481EE2C156BD20076F4D5 /* EditTaskViewController.swift */,
			);
			path = EditTaskView;
			sourceTree = "<group>";
		};
		8496760C2C173D5C0010CFF5 /* TaskDetailView */ = {
			isa = PBXGroup;
			children = (
				847481EA2C1534EF0076F4D5 /* TaskDetailViewController.swift */,
			);
			path = TaskDetailView;
			sourceTree = "<group>";
		};
		F020A0315752BBDAC48BBD43 /* Pods */ = {
			isa = PBXGroup;
			children = (
				9FA3F28AFC613205510C2EEC /* Pods-test.debug.xcconfig */,
				FEE783E0B87B8FFE150546BF /* Pods-test.release.xcconfig */,
			);
			path = Pods;
			sourceTree = "<group>";
		};
/* End PBXGroup section */

/* Begin PBXNativeTarget section */
		847D675A2C145F3C00AA7795 /* test */ = {
			isa = PBXNativeTarget;
			buildConfigurationList = 847D67722C145F4000AA7795 /* Build configuration list for PBXNativeTarget "test" */;
			buildPhases = (
				017E5229248146B600C8BF8A /* [CP] Check Pods Manifest.lock */,
				847D67572C145F3C00AA7795 /* Sources */,
				847D67582C145F3C00AA7795 /* Frameworks */,
				847D67592C145F3C00AA7795 /* Resources */,
				870EA34DA4B08BA19F134D8A /* [CP] Embed Pods Frameworks */,
			);
			buildRules = (
			);
			dependencies = (
			);
			name = test;
			packageProductDependencies = (
				847481D42C1477520076F4D5 /* FirebaseAnalytics */,
				847481D62C1477520076F4D5 /* FirebaseAuth */,
				847481D82C1477520076F4D5 /* FirebaseDatabase */,
				847481DA2C1477520076F4D5 /* FirebaseDatabaseSwift */,
				847481DC2C1477520076F4D5 /* FirebaseFirestore */,
				847481DE2C1477520076F4D5 /* FirebaseStorage */,
			);
			productName = test;
			productReference = 847D675B2C145F3C00AA7795 /* test.app */;
			productType = "com.apple.product-type.application";
		};
/* End PBXNativeTarget section */

/* Begin PBXProject section */
		847D67532C145F3C00AA7795 /* Project object */ = {
			isa = PBXProject;
			attributes = {
				BuildIndependentTargetsInParallel = 1;
				LastSwiftUpdateCheck = 1420;
				LastUpgradeCheck = 1420;
				TargetAttributes = {
					847D675A2C145F3C00AA7795 = {
						CreatedOnToolsVersion = 14.2;
					};
				};
			};
			buildConfigurationList = 847D67562C145F3C00AA7795 /* Build configuration list for PBXProject "test" */;
			compatibilityVersion = "Xcode 14.0";
			developmentRegion = en;
			hasScannedForEncodings = 0;
			knownRegions = (
				en,
				Base,
			);
			mainGroup = 847D67522C145F3C00AA7795;
			packageReferences = (
				847481D32C1477520076F4D5 /* XCRemoteSwiftPackageReference "firebase-ios-sdk" */,
			);
			productRefGroup = 847D675C2C145F3C00AA7795 /* Products */;
			projectDirPath = "";
			projectRoot = "";
			targets = (
				847D675A2C145F3C00AA7795 /* test */,
			);
		};
/* End PBXProject section */

/* Begin PBXResourcesBuildPhase section */
		847D67592C145F3C00AA7795 /* Resources */ = {
			isa = PBXResourcesBuildPhase;
			buildActionMask = 2147483647;
			files = (
				847D676E2C145F4000AA7795 /* LaunchScreen.storyboard in Resources */,
				84039FEC2C146DB300EE6BBF /* GoogleService-Info.plist in Resources */,
				847D676B2C145F4000AA7795 /* Assets.xcassets in Resources */,
				847D67662C145F3C00AA7795 /* Main.storyboard in Resources */,
			);
			runOnlyForDeploymentPostprocessing = 0;
		};
/* End PBXResourcesBuildPhase section */

/* Begin PBXShellScriptBuildPhase section */
		017E5229248146B600C8BF8A /* [CP] Check Pods Manifest.lock */ = {
			isa = PBXShellScriptBuildPhase;
			buildActionMask = 2147483647;
			files = (
			);
			inputFileListPaths = (
			);
			inputPaths = (
				"${PODS_PODFILE_DIR_PATH}/Podfile.lock",
				"${PODS_ROOT}/Manifest.lock",
			);
			name = "[CP] Check Pods Manifest.lock";
			outputFileListPaths = (
			);
			outputPaths = (
				"$(DERIVED_FILE_DIR)/Pods-test-checkManifestLockResult.txt",
			);
			runOnlyForDeploymentPostprocessing = 0;
			shellPath = /bin/sh;
			shellScript = "diff \"${PODS_PODFILE_DIR_PATH}/Podfile.lock\" \"${PODS_ROOT}/Manifest.lock\" > /dev/null\nif [ $? != 0 ] ; then\n    # print error to STDERR\n    echo \"error: The sandbox is not in sync with the Podfile.lock. Run 'pod install' or update your CocoaPods installation.\" >&2\n    exit 1\nfi\n# This output is used by Xcode 'outputs' to avoid re-running this script phase.\necho \"SUCCESS\" > \"${SCRIPT_OUTPUT_FILE_0}\"\n";
			showEnvVarsInLog = 0;
		};
		870EA34DA4B08BA19F134D8A /* [CP] Embed Pods Frameworks */ = {
			isa = PBXShellScriptBuildPhase;
			buildActionMask = 2147483647;
			files = (
			);
			inputFileListPaths = (
				"${PODS_ROOT}/Target Support Files/Pods-test/Pods-test-frameworks-${CONFIGURATION}-input-files.xcfilelist",
			);
			name = "[CP] Embed Pods Frameworks";
			outputFileListPaths = (
				"${PODS_ROOT}/Target Support Files/Pods-test/Pods-test-frameworks-${CONFIGURATION}-output-files.xcfilelist",
			);
			runOnlyForDeploymentPostprocessing = 0;
			shellPath = /bin/sh;
			shellScript = "\"${PODS_ROOT}/Target Support Files/Pods-test/Pods-test-frameworks.sh\"\n";
			showEnvVarsInLog = 0;
		};
/* End PBXShellScriptBuildPhase section */

/* Begin PBXSourcesBuildPhase section */
		847D67572C145F3C00AA7795 /* Sources */ = {
			isa = PBXSourcesBuildPhase;
			buildActionMask = 2147483647;
			files = (
				847481E52C14AFEC0076F4D5 /* PersonViewController.swift in Sources */,
				849676002C16D0A20010CFF5 /* HistoryEntry.swift in Sources */,
				849675FA2C160F870010CFF5 /* HomeTableViewCell.swift in Sources */,
				849675FE2C16C20F0010CFF5 /* HistoryViewController.swift in Sources */,
				847D67632C145F3C00AA7795 /* LoginViewController.swift in Sources */,
				849676022C173AD20010CFF5 /* UsersViewController.swift in Sources */,
				847481E12C147B760076F4D5 /* RegisterViewController.swift in Sources */,
				847481EB2C1534EF0076F4D5 /* TaskDetailViewController.swift in Sources */,
				849675FC2C164A6C0010CFF5 /* AddNotificationViewController.swift in Sources */,
				847D67692C145F3C00AA7795 /* test.xcdatamodeld in Sources */,
				847D675F2C145F3C00AA7795 /* AppDelegate.swift in Sources */,
				847481EF2C156BD20076F4D5 /* EditTaskViewController.swift in Sources */,
				847D67612C145F3C00AA7795 /* SceneDelegate.swift in Sources */,
				847481E92C14F8670076F4D5 /* Task.swift in Sources */,
				847481ED2C15382E0076F4D5 /* Comment.swift in Sources */,
				847481E32C147F970076F4D5 /* HomeViewController.swift in Sources */,
			);
			runOnlyForDeploymentPostprocessing = 0;
		};
/* End PBXSourcesBuildPhase section */

/* Begin PBXVariantGroup section */
		847D67642C145F3C00AA7795 /* Main.storyboard */ = {
			isa = PBXVariantGroup;
			children = (
				847D67652C145F3C00AA7795 /* Base */,
			);
			name = Main.storyboard;
			sourceTree = "<group>";
		};
		847D676C2C145F4000AA7795 /* LaunchScreen.storyboard */ = {
			isa = PBXVariantGroup;
			children = (
				847D676D2C145F4000AA7795 /* Base */,
			);
			name = LaunchScreen.storyboard;
			sourceTree = "<group>";
		};
/* End PBXVariantGroup section */

/* Begin XCBuildConfiguration section */
		847D67702C145F4000AA7795 /* Debug */ = {
			isa = XCBuildConfiguration;
			buildSettings = {
				ALWAYS_SEARCH_USER_PATHS = NO;
				CLANG_ANALYZER_NONNULL = YES;
				CLANG_ANALYZER_NUMBER_OBJECT_CONVERSION = YES_AGGRESSIVE;
				CLANG_CXX_LANGUAGE_STANDARD = "gnu++20";
				CLANG_ENABLE_MODULES = YES;
				CLANG_ENABLE_OBJC_ARC = YES;
				CLANG_ENABLE_OBJC_WEAK = YES;
				CLANG_WARN_BLOCK_CAPTURE_AUTORELEASING = YES;
				CLANG_WARN_BOOL_CONVERSION = YES;
				CLANG_WARN_COMMA = YES;
				CLANG_WARN_CONSTANT_CONVERSION = YES;
				CLANG_WARN_DEPRECATED_OBJC_IMPLEMENTATIONS = YES;
				CLANG_WARN_DIRECT_OBJC_ISA_USAGE = YES_ERROR;
				CLANG_WARN_DOCUMENTATION_COMMENTS = YES;
				CLANG_WARN_EMPTY_BODY = YES;
				CLANG_WARN_ENUM_CONVERSION = YES;
				CLANG_WARN_INFINITE_RECURSION = YES;
				CLANG_WARN_INT_CONVERSION = YES;
				CLANG_WARN_NON_LITERAL_NULL_CONVERSION = YES;
				CLANG_WARN_OBJC_IMPLICIT_RETAIN_SELF = YES;
				CLANG_WARN_OBJC_LITERAL_CONVERSION = YES;
				CLANG_WARN_OBJC_ROOT_CLASS = YES_ERROR;
				CLANG_WARN_QUOTED_INCLUDE_IN_FRAMEWORK_HEADER = YES;
				CLANG_WARN_RANGE_LOOP_ANALYSIS = YES;
				CLANG_WARN_STRICT_PROTOTYPES = YES;
				CLANG_WARN_SUSPICIOUS_MOVE = YES;
				CLANG_WARN_UNGUARDED_AVAILABILITY = YES_AGGRESSIVE;
				CLANG_WARN_UNREACHABLE_CODE = YES;
				CLANG_WARN__DUPLICATE_METHOD_MATCH = YES;
				COPY_PHASE_STRIP = NO;
				DEBUG_INFORMATION_FORMAT = dwarf;
				ENABLE_STRICT_OBJC_MSGSEND = YES;
				ENABLE_TESTABILITY = YES;
				GCC_C_LANGUAGE_STANDARD = gnu11;
				GCC_DYNAMIC_NO_PIC = NO;
				GCC_NO_COMMON_BLOCKS = YES;
				GCC_OPTIMIZATION_LEVEL = 0;
				GCC_PREPROCESSOR_DEFINITIONS = (
					"DEBUG=1",
					"$(inherited)",
				);
				GCC_WARN_64_TO_32_BIT_CONVERSION = YES;
				GCC_WARN_ABOUT_RETURN_TYPE = YES_ERROR;
				GCC_WARN_UNDECLARED_SELECTOR = YES;
				GCC_WARN_UNINITIALIZED_AUTOS = YES_AGGRESSIVE;
				GCC_WARN_UNUSED_FUNCTION = YES;
				GCC_WARN_UNUSED_VARIABLE = YES;
				IPHONEOS_DEPLOYMENT_TARGET = 16.2;
				MTL_ENABLE_DEBUG_INFO = INCLUDE_SOURCE;
				MTL_FAST_MATH = YES;
				ONLY_ACTIVE_ARCH = YES;
				SDKROOT = iphoneos;
				SWIFT_ACTIVE_COMPILATION_CONDITIONS = DEBUG;
				SWIFT_OPTIMIZATION_LEVEL = "-Onone";
			};
			name = Debug;
		};
		847D67712C145F4000AA7795 /* Release */ = {
			isa = XCBuildConfiguration;
			buildSettings = {
				ALWAYS_SEARCH_USER_PATHS = NO;
				CLANG_ANALYZER_NONNULL = YES;
				CLANG_ANALYZER_NUMBER_OBJECT_CONVERSION = YES_AGGRESSIVE;
				CLANG_CXX_LANGUAGE_STANDARD = "gnu++20";
				CLANG_ENABLE_MODULES = YES;
				CLANG_ENABLE_OBJC_ARC = YES;
				CLANG_ENABLE_OBJC_WEAK = YES;
				CLANG_WARN_BLOCK_CAPTURE_AUTORELEASING = YES;
				CLANG_WARN_BOOL_CONVERSION = YES;
				CLANG_WARN_COMMA = YES;
				CLANG_WARN_CONSTANT_CONVERSION = YES;
				CLANG_WARN_DEPRECATED_OBJC_IMPLEMENTATIONS = YES;
				CLANG_WARN_DIRECT_OBJC_ISA_USAGE = YES_ERROR;
				CLANG_WARN_DOCUMENTATION_COMMENTS = YES;
				CLANG_WARN_EMPTY_BODY = YES;
				CLANG_WARN_ENUM_CONVERSION = YES;
				CLANG_WARN_INFINITE_RECURSION = YES;
				CLANG_WARN_INT_CONVERSION = YES;
				CLANG_WARN_NON_LITERAL_NULL_CONVERSION = YES;
				CLANG_WARN_OBJC_IMPLICIT_RETAIN_SELF = YES;
				CLANG_WARN_OBJC_LITERAL_CONVERSION = YES;
				CLANG_WARN_OBJC_ROOT_CLASS = YES_ERROR;
				CLANG_WARN_QUOTED_INCLUDE_IN_FRAMEWORK_HEADER = YES;
				CLANG_WARN_RANGE_LOOP_ANALYSIS = YES;
				CLANG_WARN_STRICT_PROTOTYPES = YES;
				CLANG_WARN_SUSPICIOUS_MOVE = YES;
				CLANG_WARN_UNGUARDED_AVAILABILITY = YES_AGGRESSIVE;
				CLANG_WARN_UNREACHABLE_CODE = YES;
				CLANG_WARN__DUPLICATE_METHOD_MATCH = YES;
				COPY_PHASE_STRIP = NO;
				DEBUG_INFORMATION_FORMAT = "dwarf-with-dsym";
				ENABLE_NS_ASSERTIONS = NO;
				ENABLE_STRICT_OBJC_MSGSEND = YES;
				GCC_C_LANGUAGE_STANDARD = gnu11;
				GCC_NO_COMMON_BLOCKS = YES;
				GCC_WARN_64_TO_32_BIT_CONVERSION = YES;
				GCC_WARN_ABOUT_RETURN_TYPE = YES_ERROR;
				GCC_WARN_UNDECLARED_SELECTOR = YES;
				GCC_WARN_UNINITIALIZED_AUTOS = YES_AGGRESSIVE;
				GCC_WARN_UNUSED_FUNCTION = YES;
				GCC_WARN_UNUSED_VARIABLE = YES;
				IPHONEOS_DEPLOYMENT_TARGET = 16.2;
				MTL_ENABLE_DEBUG_INFO = NO;
				MTL_FAST_MATH = YES;
				SDKROOT = iphoneos;
				SWIFT_COMPILATION_MODE = wholemodule;
				SWIFT_OPTIMIZATION_LEVEL = "-O";
				VALIDATE_PRODUCT = YES;
			};
			name = Release;
		};
		847D67732C145F4000AA7795 /* Debug */ = {
			isa = XCBuildConfiguration;
			baseConfigurationReference = 9FA3F28AFC613205510C2EEC /* Pods-test.debug.xcconfig */;
			buildSettings = {
				ASSETCATALOG_COMPILER_APPICON_NAME = AppIcon;
				ASSETCATALOG_COMPILER_GLOBAL_ACCENT_COLOR_NAME = AccentColor;
				CODE_SIGN_STYLE = Automatic;
				CURRENT_PROJECT_VERSION = 1;
				DEVELOPMENT_TEAM = "";
				GENERATE_INFOPLIST_FILE = YES;
				INFOPLIST_FILE = test/Info.plist;
				INFOPLIST_KEY_LSApplicationCategoryType = "public.app-category.education";
				INFOPLIST_KEY_UIApplicationSupportsIndirectInputEvents = YES;
				INFOPLIST_KEY_UILaunchStoryboardName = LaunchScreen;
				INFOPLIST_KEY_UIMainStoryboardFile = Main;
				INFOPLIST_KEY_UISupportedInterfaceOrientations_iPad = "UIInterfaceOrientationPortrait UIInterfaceOrientationPortraitUpsideDown UIInterfaceOrientationLandscapeLeft UIInterfaceOrientationLandscapeRight";
				INFOPLIST_KEY_UISupportedInterfaceOrientations_iPhone = "UIInterfaceOrientationPortrait UIInterfaceOrientationLandscapeLeft UIInterfaceOrientationLandscapeRight";
				LD_RUNPATH_SEARCH_PATHS = (
					"$(inherited)",
					"@executable_path/Frameworks",
				);
				MARKETING_VERSION = 1.0;
				PRODUCT_BUNDLE_IDENTIFIER = shodon.test;
				PRODUCT_NAME = "$(TARGET_NAME)";
				SWIFT_EMIT_LOC_STRINGS = YES;
				SWIFT_VERSION = 5.0;
				TARGETED_DEVICE_FAMILY = "1,2";
			};
			name = Debug;
		};
		847D67742C145F4000AA7795 /* Release */ = {
			isa = XCBuildConfiguration;
			baseConfigurationReference = FEE783E0B87B8FFE150546BF /* Pods-test.release.xcconfig */;
			buildSettings = {
				ASSETCATALOG_COMPILER_APPICON_NAME = AppIcon;
				ASSETCATALOG_COMPILER_GLOBAL_ACCENT_COLOR_NAME = AccentColor;
				CODE_SIGN_STYLE = Automatic;
				CURRENT_PROJECT_VERSION = 1;
				DEVELOPMENT_TEAM = "";
				GENERATE_INFOPLIST_FILE = YES;
				INFOPLIST_FILE = test/Info.plist;
				INFOPLIST_KEY_LSApplicationCategoryType = "public.app-category.education";
				INFOPLIST_KEY_UIApplicationSupportsIndirectInputEvents = YES;
				INFOPLIST_KEY_UILaunchStoryboardName = LaunchScreen;
				INFOPLIST_KEY_UIMainStoryboardFile = Main;
				INFOPLIST_KEY_UISupportedInterfaceOrientations_iPad = "UIInterfaceOrientationPortrait UIInterfaceOrientationPortraitUpsideDown UIInterfaceOrientationLandscapeLeft UIInterfaceOrientationLandscapeRight";
				INFOPLIST_KEY_UISupportedInterfaceOrientations_iPhone = "UIInterfaceOrientationPortrait UIInterfaceOrientationLandscapeLeft UIInterfaceOrientationLandscapeRight";
				LD_RUNPATH_SEARCH_PATHS = (
					"$(inherited)",
					"@executable_path/Frameworks",
				);
				MARKETING_VERSION = 1.0;
				PRODUCT_BUNDLE_IDENTIFIER = shodon.test;
				PRODUCT_NAME = "$(TARGET_NAME)";
				SWIFT_EMIT_LOC_STRINGS = YES;
				SWIFT_VERSION = 5.0;
				TARGETED_DEVICE_FAMILY = "1,2";
			};
			name = Release;
		};
/* End XCBuildConfiguration section */

/* Begin XCConfigurationList section */
		847D67562C145F3C00AA7795 /* Build configuration list for PBXProject "test" */ = {
			isa = XCConfigurationList;
			buildConfigurations = (
				847D67702C145F4000AA7795 /* Debug */,
				847D67712C145F4000AA7795 /* Release */,
			);
			defaultConfigurationIsVisible = 0;
			defaultConfigurationName = Release;
		};
		847D67722C145F4000AA7795 /* Build configuration list for PBXNativeTarget "test" */ = {
			isa = XCConfigurationList;
			buildConfigurations = (
				847D67732C145F4000AA7795 /* Debug */,
				847D67742C145F4000AA7795 /* Release */,
			);
			defaultConfigurationIsVisible = 0;
			defaultConfigurationName = Release;
		};
/* End XCConfigurationList section */

/* Begin XCRemoteSwiftPackageReference section */
		847481D32C1477520076F4D5 /* XCRemoteSwiftPackageReference "firebase-ios-sdk" */ = {
			isa = XCRemoteSwiftPackageReference;
			repositoryURL = "https://github.com/firebase/firebase-ios-sdk";
			requirement = {
				kind = upToNextMinorVersion;
				minimumVersion = 9.6.0;
			};
		};
/* End XCRemoteSwiftPackageReference section */

/* Begin XCSwiftPackageProductDependency section */
		847481D42C1477520076F4D5 /* FirebaseAnalytics */ = {
			isa = XCSwiftPackageProductDependency;
			package = 847481D32C1477520076F4D5 /* XCRemoteSwiftPackageReference "firebase-ios-sdk" */;
			productName = FirebaseAnalytics;
		};
		847481D62C1477520076F4D5 /* FirebaseAuth */ = {
			isa = XCSwiftPackageProductDependency;
			package = 847481D32C1477520076F4D5 /* XCRemoteSwiftPackageReference "firebase-ios-sdk" */;
			productName = FirebaseAuth;
		};
		847481D82C1477520076F4D5 /* FirebaseDatabase */ = {
			isa = XCSwiftPackageProductDependency;
			package = 847481D32C1477520076F4D5 /* XCRemoteSwiftPackageReference "firebase-ios-sdk" */;
			productName = FirebaseDatabase;
		};
		847481DA2C1477520076F4D5 /* FirebaseDatabaseSwift */ = {
			isa = XCSwiftPackageProductDependency;
			package = 847481D32C1477520076F4D5 /* XCRemoteSwiftPackageReference "firebase-ios-sdk" */;
			productName = FirebaseDatabaseSwift;
		};
		847481DC2C1477520076F4D5 /* FirebaseFirestore */ = {
			isa = XCSwiftPackageProductDependency;
			package = 847481D32C1477520076F4D5 /* XCRemoteSwiftPackageReference "firebase-ios-sdk" */;
			productName = FirebaseFirestore;
		};
		847481DE2C1477520076F4D5 /* FirebaseStorage */ = {
			isa = XCSwiftPackageProductDependency;
			package = 847481D32C1477520076F4D5 /* XCRemoteSwiftPackageReference "firebase-ios-sdk" */;
			productName = FirebaseStorage;
		};
/* End XCSwiftPackageProductDependency section */

/* Begin XCVersionGroup section */
		847D67672C145F3C00AA7795 /* test.xcdatamodeld */ = {
			isa = XCVersionGroup;
			children = (
				847D67682C145F3C00AA7795 /* test.xcdatamodel */,
			);
			currentVersion = 847D67682C145F3C00AA7795 /* test.xcdatamodel */;
			path = test.xcdatamodeld;
			sourceTree = "<group>";
			versionGroupType = wrapper.xcdatamodel;
		};
/* End XCVersionGroup section */
	};
	rootObject = 847D67532C145F3C00AA7795 /* Project object */;
}
